
Microsoft Visual Studio Solution File, Format Version 12.00
# Visual Studio Version 17
VisualStudioVersion = 17.2.32630.192
MinimumVisualStudioVersion = 10.0.40219.1
Project("{9A19103F-16F7-4668-BE54-9A1E7A4F7556}") = "LetsMarket", "LetsMarket.csproj", "{67B1D91A-BF1B-435E-8527-1DC75EC646E0}"
EndProject
Global
	GlobalSection(SolutionConfigurationPlatforms) = preSolution
		Debug|Any CPU = Debug|Any CPU
		Release|Any CPU = Release|Any CPU
	EndGlobalSection
	GlobalSection(ProjectConfigurationPlatforms) = postSolution
		{67B1D91A-BF1B-435E-8527-1DC75EC646E0}.Debug|Any CPU.ActiveCfg = Debug|Any CPU
		{67B1D91A-BF1B-435E-8527-1DC75EC646E0}.Debug|Any CPU.Build.0 = Debug|Any CPU
		{67B1D91A-BF1B-435E-8527-1DC75EC646E0}.Release|Any CPU.ActiveCfg = Release|Any CPU
		{67B1D91A-BF1B-435E-8527-1DC75EC646E0}.Release|Any CPU.Build.0 = Release|Any CPU
	EndGlobalSection
	GlobalSection(SolutionProperties) = preSolution
		HideSolutionNode = FALSE
	EndGlobalSection
	GlobalSection(ExtensibilityGlobals) = postSolution
		SolutionGuid = {6ED707A8-8604-4856-85E1-612FF37F2C46}
	EndGlobalSection
EndGlobal
